Microsoft Visual Studio Solution File, Format Version 12.00
# Visual Studio 15
VisualStudioVersion = 15.0.28010.2048
MinimumVisualStudioVersion = 10.0.40219.1
Project("{FAE04EC0-301F-11D3-BF4B-00C04F79EFBC}") = "AngularBasicMinimalTemplate", "AngularBasicMinimalTemplate\AngularBasicMinimalTemplate.csproj", "{F55BA85E-13BD-48E9-9178-C8F57DD4E47B}"
EndProject
Project("{FAE04EC0-301F-11D3-BF4B-00C04F79EFBC}") = "AngularBasicVsix", "AngularBasicVsix\AngularBasicVsix.csproj", "{FF32922C-BB59-47C4-9094-245AFE628CD6}"
EndProject
Project("{2150E333-8FDC-42A3-9474-1A3956D46DE8}") = "Solution Items", "Solution Items", "{91787518-BC56-496C-82FE-1E28B60A3FD0}"
	ProjectSection(SolutionItems) = preProject
		..\.bettercodehub.yml = ..\.bettercodehub.yml
		..\.codebeatignore = ..\.codebeatignore
		..\.gitignore = ..\.gitignore
		..\.hound.yml = ..\.hound.yml
		..\appveyor.yml = ..\appveyor.yml
		..\azure-pipelines.yml = ..\azure-pipelines.yml
		..\CHANGELOG.md = ..\CHANGELOG.md
		..\LICENSE = ..\LICENSE
		..\LICENSE.txt = ..\LICENSE.txt
		..\README.md = ..\README.md
		..\renovate.json = ..\renovate.json
		TODO.txt = TODO.txt
		yo.bat = yo.bat
	EndProjectSection
EndProject
Project("{9A19103F-16F7-4668-BE54-9A1E7A4F7556}") = "CommonYo", "CommonYo\CommonYo.csproj", "{80198D90-E379-43A1-ABB5-36F7D9C509A7}"
EndProject
Project("{FAE04EC0-301F-11D3-BF4B-00C04F79EFBC}") = "CommonIdeLauncher", "CommonIdeLauncher\CommonIdeLauncher.csproj", "{E94766FA-5A0F-4ABB-B6CA-C456DF0B3A7F}"
EndProject
Project("{FAE04EC0-301F-11D3-BF4B-00C04F79EFBC}") = "CommonUi", "CommonUi\CommonUi.csproj", "{527575A6-03FE-43B3-BC7E-78D6A0FDA0AE}"
EndProject
Global
	GlobalSection(SolutionConfigurationPlatforms) = preSolution
		Debug|Any CPU = Debug|Any CPU
		Release|Any CPU = Release|Any CPU
	EndGlobalSection
	GlobalSection(ProjectConfigurationPlatforms) = postSolution
		{F55BA85E-13BD-48E9-9178-C8F57DD4E47B}.Debug|Any CPU.ActiveCfg = Debug|Any CPU
		{F55BA85E-13BD-48E9-9178-C8F57DD4E47B}.Debug|Any CPU.Build.0 = Debug|Any CPU
		{F55BA85E-13BD-48E9-9178-C8F57DD4E47B}.Release|Any CPU.ActiveCfg = Release|Any CPU
		{F55BA85E-13BD-48E9-9178-C8F57DD4E47B}.Release|Any CPU.Build.0 = Release|Any CPU
		{FF32922C-BB59-47C4-9094-245AFE628CD6}.Debug|Any CPU.ActiveCfg = Debug|Any CPU
		{FF32922C-BB59-47C4-9094-245AFE628CD6}.Debug|Any CPU.Build.0 = Debug|Any CPU
		{FF32922C-BB59-47C4-9094-245AFE628CD6}.Release|Any CPU.ActiveCfg = Release|Any CPU
		{FF32922C-BB59-47C4-9094-245AFE628CD6}.Release|Any CPU.Build.0 = Release|Any CPU
		{80198D90-E379-43A1-ABB5-36F7D9C509A7}.Debug|Any CPU.ActiveCfg = Debug|Any CPU
		{80198D90-E379-43A1-ABB5-36F7D9C509A7}.Debug|Any CPU.Build.0 = Debug|Any CPU
		{80198D90-E379-43A1-ABB5-36F7D9C509A7}.Release|Any CPU.ActiveCfg = Release|Any CPU
		{80198D90-E379-43A1-ABB5-36F7D9C509A7}.Release|Any CPU.Build.0 = Release|Any CPU
		{E94766FA-5A0F-4ABB-B6CA-C456DF0B3A7F}.Debug|Any CPU.ActiveCfg = Debug|Any CPU
		{E94766FA-5A0F-4ABB-B6CA-C456DF0B3A7F}.Debug|Any CPU.Build.0 = Debug|Any CPU
		{E94766FA-5A0F-4ABB-B6CA-C456DF0B3A7F}.Release|Any CPU.ActiveCfg = Release|Any CPU
		{E94766FA-5A0F-4ABB-B6CA-C456DF0B3A7F}.Release|Any CPU.Build.0 = Release|Any CPU
		{527575A6-03FE-43B3-BC7E-78D6A0FDA0AE}.Debug|Any CPU.ActiveCfg = Debug|Any CPU
		{527575A6-03FE-43B3-BC7E-78D6A0FDA0AE}.Debug|Any CPU.Build.0 = Debug|Any CPU
		{527575A6-03FE-43B3-BC7E-78D6A0FDA0AE}.Release|Any CPU.ActiveCfg = Release|Any CPU
		{527575A6-03FE-43B3-BC7E-78D6A0FDA0AE}.Release|Any CPU.Build.0 = Release|Any CPU
	EndGlobalSection
	GlobalSection(SolutionProperties) = preSolution
		HideSolutionNode = FALSE
	EndGlobalSection
	GlobalSection(ExtensibilityGlobals) = postSolution
		SolutionGuid = {6FA7BE08-77BD-4903-BB94-2A219BA5FC21}
	EndGlobalSection
EndGlobal
